
Microsoft Visual Studio Solution File, Format Version 12.00
# Visual Studio Version 16
VisualStudioVersion = 16.0.30114.105
MinimumVisualStudioVersion = 10.0.40219.1
Project("{FAE04EC0-301F-11D3-BF4B-00C04F79EFBC}") = "Ionburst.Apps.IonFS", "Ionburst.Apps.IonFS\Ionburst.Apps.IonFS.csproj", "{C2239D5B-6069-47A3-A768-99641BDDBBA8}"
EndProject
Project("{9A19103F-16F7-4668-BE54-9A1E7A4F7556}") = "Ionburst.Apps.IonFS.Tests", "Ionburst.Apps.IonFS.Tests\Ionburst.Apps.IonFS.Tests.csproj", "{A5E51CD9-926D-4E95-A7AB-2C95C3EF072B}"
EndProject
Project("{2150E333-8FDC-42A3-9474-1A3956D46DE8}") = "Solution Items", "Solution Items", "{07264E33-17D9-4E55-8F05-21199416AC4E}"
	ProjectSection(SolutionItems) = preProject
		.editorconfig = .editorconfig
	EndProjectSection
EndProject
Global
	GlobalSection(SolutionConfigurationPlatforms) = preSolution
		Debug|Any CPU = Debug|Any CPU
		Release|Any CPU = Release|Any CPU
	EndGlobalSection
	GlobalSection(ProjectConfigurationPlatforms) = postSolution
		{C2239D5B-6069-47A3-A768-99641BDDBBA8}.Debug|Any CPU.ActiveCfg = Debug|Any CPU
		{C2239D5B-6069-47A3-A768-99641BDDBBA8}.Debug|Any CPU.Build.0 = Debug|Any CPU
		{C2239D5B-6069-47A3-A768-99641BDDBBA8}.Release|Any CPU.ActiveCfg = Release|Any CPU
		{C2239D5B-6069-47A3-A768-99641BDDBBA8}.Release|Any CPU.Build.0 = Release|Any CPU
		{A5E51CD9-926D-4E95-A7AB-2C95C3EF072B}.Debug|Any CPU.ActiveCfg = Debug|Any CPU
		{A5E51CD9-926D-4E95-A7AB-2C95C3EF072B}.Debug|Any CPU.Build.0 = Debug|Any CPU
		{A5E51CD9-926D-4E95-A7AB-2C95C3EF072B}.Release|Any CPU.ActiveCfg = Release|Any CPU
		{A5E51CD9-926D-4E95-A7AB-2C95C3EF072B}.Release|Any CPU.Build.0 = Release|Any CPU
	EndGlobalSection
	GlobalSection(SolutionProperties) = preSolution
		HideSolutionNode = FALSE
	EndGlobalSection
	GlobalSection(ExtensibilityGlobals) = postSolution
		SolutionGuid = {70AB8DD8-FCDF-4B1E-BD1C-6927CAF9B718}
	EndGlobalSection
EndGlobal
